{
  "originHash" : "38ba1fabdd4275deabe2fa259dcdaa6c86c65b1f17eea1a5a4323082ae764960",
  "pins" : [
    {
      "identity" : "millerkit",
      "kind" : "remoteSourceControl",
      "location" : "https://github.com/blaineam/MillerKit",
      "state" : {
        "revision" : "35c946fdc6fdfe5754d055f4679b80d64110081f",
        "version" : "1.2.2"
      }
    }
  ],
  "version" : 3
}
