{
  "originHash" : "38ba1fabdd4275deabe2fa259dcdaa6c86c65b1f17eea1a5a4323082ae764960",
  "pins" : [
    {
      "identity" : "millerkit",
      "kind" : "remoteSourceControl",
      "location" : "https://github.com/blaineam/MillerKit",
      "state" : {
        "revision" : "0e9b4646fdc5d874f9f5cc325567c8802a1b3222",
        "version" : "1.2.1"
      }
    }
  ],
  "version" : 3
}
